# THIS IS AN AUTOGENERATED FILE. DO NOT EDIT THIS FILE DIRECTLY.
# yarn lockfile v1


collections@^5.1.13:
  version "5.1.13"
  resolved "https://registry.yarnpkg.com/collections/-/collections-5.1.13.tgz#eee204a93b67473c8e74e00e934a997cc2817585"
  integrity sha512-SCb6Qd+d3Z02corWQ7/mqXiXeeTdHvkP6TeFSYfGYdCFp1WrjSNZ3j6y8Y3T/7osGEe0iOcU2g1d346l99m4Lg==
  dependencies:
    weak-map "~1.0.x"

weak-map@~1.0.x:
  version "1.0.8"
  resolved "https://registry.yarnpkg.com/weak-map/-/weak-map-1.0.8.tgz#394c18a9e8262e790544ed8b55c6a4ddad1cb1a3"
  integrity sha512-lNR9aAefbGPpHO7AEnY0hCFjz1eTkWCXYvkTRrTHs9qv8zJp+SkVYpzfLIFXQQiG3tVvbNFQgVg2bQS8YGgxyw==
